
Microsoft Visual Studio Solution File, Format Version 12.00
# Visual Studio Version 17
VisualStudioVersion = 17.9.34616.47
MinimumVisualStudioVersion = 10.0.40219.1
Project("{2150E333-8FDC-42A3-9474-1A3956D46DE8}") = "src", "src", "{B768CB28-7109-49B6-980D-FE2F110A236B}"
EndProject
Project("{2150E333-8FDC-42A3-9474-1A3956D46DE8}") = "test", "test", "{99FD46A1-B742-4110-B63D-1B560C0E1CC0}"
EndProject
Project("{9A19103F-16F7-4668-BE54-9A1E7A4F7556}") = "UKHO.S100PermitService.API", "src\UKHO.S100PermitService.API\UKHO.S100PermitService.API.csproj", "{48AD4025-1AD7-4C9B-ACA2-29282103450F}"
EndProject
Project("{9A19103F-16F7-4668-BE54-9A1E7A4F7556}") = "UKHO.S100PermitService.API.UnitTests", "test\UKHO.S100PermitService.API.UnitTests\UKHO.S100PermitService.API.UnitTests.csproj", "{25E3BF7E-CD0B-4A2A-9EF2-2E112DE1BD88}"
EndProject
Project("{FAE04EC0-301F-11D3-BF4B-00C04F79EFBC}") = "UKHO.S100PermitService.Stubs", "src\UKHO.S100PermitService.Stubs\UKHO.S100PermitService.Stubs.csproj", "{4D96041E-A762-4C09-9E1E-1319CE667323}"
EndProject
Global
	GlobalSection(SolutionConfigurationPlatforms) = preSolution
		Debug|Any CPU = Debug|Any CPU
		Release|Any CPU = Release|Any CPU
	EndGlobalSection
	GlobalSection(ProjectConfigurationPlatforms) = postSolution
		{48AD4025-1AD7-4C9B-ACA2-29282103450F}.Debug|Any CPU.ActiveCfg = Debug|Any CPU
		{48AD4025-1AD7-4C9B-ACA2-29282103450F}.Debug|Any CPU.Build.0 = Debug|Any CPU
		{48AD4025-1AD7-4C9B-ACA2-29282103450F}.Release|Any CPU.ActiveCfg = Release|Any CPU
		{48AD4025-1AD7-4C9B-ACA2-29282103450F}.Release|Any CPU.Build.0 = Release|Any CPU
		{25E3BF7E-CD0B-4A2A-9EF2-2E112DE1BD88}.Debug|Any CPU.ActiveCfg = Debug|Any CPU
		{25E3BF7E-CD0B-4A2A-9EF2-2E112DE1BD88}.Debug|Any CPU.Build.0 = Debug|Any CPU
		{25E3BF7E-CD0B-4A2A-9EF2-2E112DE1BD88}.Release|Any CPU.ActiveCfg = Release|Any CPU
		{25E3BF7E-CD0B-4A2A-9EF2-2E112DE1BD88}.Release|Any CPU.Build.0 = Release|Any CPU
		{4D96041E-A762-4C09-9E1E-1319CE667323}.Debug|Any CPU.ActiveCfg = Debug|Any CPU
		{4D96041E-A762-4C09-9E1E-1319CE667323}.Debug|Any CPU.Build.0 = Debug|Any CPU
		{4D96041E-A762-4C09-9E1E-1319CE667323}.Release|Any CPU.ActiveCfg = Release|Any CPU
		{4D96041E-A762-4C09-9E1E-1319CE667323}.Release|Any CPU.Build.0 = Release|Any CPU
	EndGlobalSection
	GlobalSection(SolutionProperties) = preSolution
		HideSolutionNode = FALSE
	EndGlobalSection
	GlobalSection(NestedProjects) = preSolution
		{48AD4025-1AD7-4C9B-ACA2-29282103450F} = {B768CB28-7109-49B6-980D-FE2F110A236B}
		{25E3BF7E-CD0B-4A2A-9EF2-2E112DE1BD88} = {99FD46A1-B742-4110-B63D-1B560C0E1CC0}
		{4D96041E-A762-4C09-9E1E-1319CE667323} = {B768CB28-7109-49B6-980D-FE2F110A236B}
	EndGlobalSection
	GlobalSection(ExtensibilityGlobals) = postSolution
		SolutionGuid = {1A236686-85EA-4703-A715-FCBAA6461AAE}
	EndGlobalSection
EndGlobal
