
Microsoft Visual Studio Solution File, Format Version 12.00
# Visual Studio Version 17
VisualStudioVersion = 17.9.34616.47
MinimumVisualStudioVersion = 10.0.40219.1
Project("{2150E333-8FDC-42A3-9474-1A3956D46DE8}") = "src", "src", "{B768CB28-7109-49B6-980D-FE2F110A236B}"
EndProject
Project("{2150E333-8FDC-42A3-9474-1A3956D46DE8}") = "tests", "tests", "{1C199056-0D47-4E8A-A5E5-6D13F446D897}"
EndProject
Project("{9A19103F-16F7-4668-BE54-9A1E7A4F7556}") = "UKHO.S100PermitService.StubService", "src\UKHO.S100PermitService.StubService\UKHO.S100PermitService.StubService.csproj", "{4D96041E-A762-4C09-9E1E-1319CE667323}"
EndProject
Project("{9A19103F-16F7-4668-BE54-9A1E7A4F7556}") = "UKHO.S100PermitService.API.FunctionalTests", "tests\UKHO.S100PermitService.API.FunctionalTests\UKHO.S100PermitService.API.FunctionalTests.csproj", "{91B71F54-1740-4F89-8FB9-853CF0A494CC}"
EndProject
Project("{9A19103F-16F7-4668-BE54-9A1E7A4F7556}") = "UKHO.S100PermitService.API.UnitTests", "tests\UKHO.S100PermitService.API.UnitTests\UKHO.S100PermitService.API.UnitTests.csproj", "{CF2AD721-E5F5-4603-B0DE-A5FB73618FBA}"
EndProject
Project("{FAE04EC0-301F-11D3-BF4B-00C04F79EFBC}") = "UKHO.S100PermitService.API", "src\UKHO.S100PermitService.API\UKHO.S100PermitService.API.csproj", "{1AE1DEB4-746E-4231-A1DE-DB9484A6D151}"
EndProject
Project("{FAE04EC0-301F-11D3-BF4B-00C04F79EFBC}") = "UKHO.S100PermitService.Common", "src\UKHO.S100PermitService.Common\UKHO.S100PermitService.Common.csproj", "{4AFB78A6-1B1A-4AD1-964F-1469EC16B910}"
EndProject
Project("{FAE04EC0-301F-11D3-BF4B-00C04F79EFBC}") = "UKHO.S100PermitService.Common.UnitTests", "tests\UKHO.S100PermitService.Common.UnitTests\UKHO.S100PermitService.Common.UnitTests.csproj", "{E14E5FDE-8BBA-487A-A83F-B9BD44AAF8E1}"
EndProject
Global
	GlobalSection(SolutionConfigurationPlatforms) = preSolution
		Debug|Any CPU = Debug|Any CPU
		Release|Any CPU = Release|Any CPU
	EndGlobalSection
	GlobalSection(ProjectConfigurationPlatforms) = postSolution
		{4D96041E-A762-4C09-9E1E-1319CE667323}.Debug|Any CPU.ActiveCfg = Debug|Any CPU
		{4D96041E-A762-4C09-9E1E-1319CE667323}.Debug|Any CPU.Build.0 = Debug|Any CPU
		{4D96041E-A762-4C09-9E1E-1319CE667323}.Release|Any CPU.ActiveCfg = Release|Any CPU
		{4D96041E-A762-4C09-9E1E-1319CE667323}.Release|Any CPU.Build.0 = Release|Any CPU
		{91B71F54-1740-4F89-8FB9-853CF0A494CC}.Debug|Any CPU.ActiveCfg = Debug|Any CPU
		{91B71F54-1740-4F89-8FB9-853CF0A494CC}.Debug|Any CPU.Build.0 = Debug|Any CPU
		{91B71F54-1740-4F89-8FB9-853CF0A494CC}.Release|Any CPU.ActiveCfg = Release|Any CPU
		{91B71F54-1740-4F89-8FB9-853CF0A494CC}.Release|Any CPU.Build.0 = Release|Any CPU
		{CF2AD721-E5F5-4603-B0DE-A5FB73618FBA}.Debug|Any CPU.ActiveCfg = Debug|Any CPU
		{CF2AD721-E5F5-4603-B0DE-A5FB73618FBA}.Debug|Any CPU.Build.0 = Debug|Any CPU
		{CF2AD721-E5F5-4603-B0DE-A5FB73618FBA}.Release|Any CPU.ActiveCfg = Release|Any CPU
		{CF2AD721-E5F5-4603-B0DE-A5FB73618FBA}.Release|Any CPU.Build.0 = Release|Any CPU
		{1AE1DEB4-746E-4231-A1DE-DB9484A6D151}.Debug|Any CPU.ActiveCfg = Debug|Any CPU
		{1AE1DEB4-746E-4231-A1DE-DB9484A6D151}.Debug|Any CPU.Build.0 = Debug|Any CPU
		{1AE1DEB4-746E-4231-A1DE-DB9484A6D151}.Release|Any CPU.ActiveCfg = Release|Any CPU
		{1AE1DEB4-746E-4231-A1DE-DB9484A6D151}.Release|Any CPU.Build.0 = Release|Any CPU
		{4AFB78A6-1B1A-4AD1-964F-1469EC16B910}.Debug|Any CPU.ActiveCfg = Debug|Any CPU
		{4AFB78A6-1B1A-4AD1-964F-1469EC16B910}.Debug|Any CPU.Build.0 = Debug|Any CPU
		{4AFB78A6-1B1A-4AD1-964F-1469EC16B910}.Release|Any CPU.ActiveCfg = Release|Any CPU
		{4AFB78A6-1B1A-4AD1-964F-1469EC16B910}.Release|Any CPU.Build.0 = Release|Any CPU
		{E14E5FDE-8BBA-487A-A83F-B9BD44AAF8E1}.Debug|Any CPU.ActiveCfg = Debug|Any CPU
		{E14E5FDE-8BBA-487A-A83F-B9BD44AAF8E1}.Debug|Any CPU.Build.0 = Debug|Any CPU
		{E14E5FDE-8BBA-487A-A83F-B9BD44AAF8E1}.Release|Any CPU.ActiveCfg = Release|Any CPU
		{E14E5FDE-8BBA-487A-A83F-B9BD44AAF8E1}.Release|Any CPU.Build.0 = Release|Any CPU
	EndGlobalSection
	GlobalSection(SolutionProperties) = preSolution
		HideSolutionNode = FALSE
	EndGlobalSection
	GlobalSection(NestedProjects) = preSolution
		{4D96041E-A762-4C09-9E1E-1319CE667323} = {B768CB28-7109-49B6-980D-FE2F110A236B}
		{91B71F54-1740-4F89-8FB9-853CF0A494CC} = {1C199056-0D47-4E8A-A5E5-6D13F446D897}
		{CF2AD721-E5F5-4603-B0DE-A5FB73618FBA} = {1C199056-0D47-4E8A-A5E5-6D13F446D897}
		{1AE1DEB4-746E-4231-A1DE-DB9484A6D151} = {B768CB28-7109-49B6-980D-FE2F110A236B}
		{4AFB78A6-1B1A-4AD1-964F-1469EC16B910} = {B768CB28-7109-49B6-980D-FE2F110A236B}
		{E14E5FDE-8BBA-487A-A83F-B9BD44AAF8E1} = {1C199056-0D47-4E8A-A5E5-6D13F446D897}
	EndGlobalSection
	GlobalSection(ExtensibilityGlobals) = postSolution
		SolutionGuid = {1A236686-85EA-4703-A715-FCBAA6461AAE}
	EndGlobalSection
EndGlobal
